
Microsoft Visual Studio Solution File, Format Version 12.00
# Visual Studio Version 16
VisualStudioVersion = 16.0.30523.141
MinimumVisualStudioVersion = 10.0.40219.1
Project("{9A19103F-16F7-4668-BE54-9A1E7A4F7556}") = "Hermoza.BibloMax.Integracion", "Hermoza.BibloMax.Integracion\Hermoza.BibloMax.Integracion.csproj", "{5FF427AE-1669-43BE-BC39-735BB61A26E0}"
EndProject
Project("{9A19103F-16F7-4668-BE54-9A1E7A4F7556}") = "Hermoza.BibloMax.Datos", "Hermoza.BibloMax.Datos\Hermoza.BibloMax.Datos.csproj", "{A9076215-925C-419E-AAC1-5783342BD5AA}"
EndProject
Project("{9A19103F-16F7-4668-BE54-9A1E7A4F7556}") = "Hermoza.BibloMax.Servicios", "Hermoza.BibloMax.Servicios\Hermoza.BibloMax.Servicios.csproj", "{FB257F27-C7FC-42EA-8330-B195750D6F73}"
EndProject
Global
	GlobalSection(SolutionConfigurationPlatforms) = preSolution
		Debug|Any CPU = Debug|Any CPU
		Release|Any CPU = Release|Any CPU
	EndGlobalSection
	GlobalSection(ProjectConfigurationPlatforms) = postSolution
		{5FF427AE-1669-43BE-BC39-735BB61A26E0}.Debug|Any CPU.ActiveCfg = Debug|Any CPU
		{5FF427AE-1669-43BE-BC39-735BB61A26E0}.Debug|Any CPU.Build.0 = Debug|Any CPU
		{5FF427AE-1669-43BE-BC39-735BB61A26E0}.Release|Any CPU.ActiveCfg = Release|Any CPU
		{5FF427AE-1669-43BE-BC39-735BB61A26E0}.Release|Any CPU.Build.0 = Release|Any CPU
		{A9076215-925C-419E-AAC1-5783342BD5AA}.Debug|Any CPU.ActiveCfg = Debug|Any CPU
		{A9076215-925C-419E-AAC1-5783342BD5AA}.Debug|Any CPU.Build.0 = Debug|Any CPU
		{A9076215-925C-419E-AAC1-5783342BD5AA}.Release|Any CPU.ActiveCfg = Release|Any CPU
		{A9076215-925C-419E-AAC1-5783342BD5AA}.Release|Any CPU.Build.0 = Release|Any CPU
		{FB257F27-C7FC-42EA-8330-B195750D6F73}.Debug|Any CPU.ActiveCfg = Debug|Any CPU
		{FB257F27-C7FC-42EA-8330-B195750D6F73}.Debug|Any CPU.Build.0 = Debug|Any CPU
		{FB257F27-C7FC-42EA-8330-B195750D6F73}.Release|Any CPU.ActiveCfg = Release|Any CPU
		{FB257F27-C7FC-42EA-8330-B195750D6F73}.Release|Any CPU.Build.0 = Release|Any CPU
	EndGlobalSection
	GlobalSection(SolutionProperties) = preSolution
		HideSolutionNode = FALSE
	EndGlobalSection
	GlobalSection(ExtensibilityGlobals) = postSolution
		SolutionGuid = {0698475E-83B5-440B-B712-60854CCF0559}
	EndGlobalSection
EndGlobal
